
Microsoft Visual Studio Solution File, Format Version 12.00
# Visual Studio Version 16
VisualStudioVersion = 16.0.29009.5
MinimumVisualStudioVersion = 10.0.40219.1
Project("{FAE04EC0-301F-11D3-BF4B-00C04F79EFBC}") = "OnlineStore", "OnlineStore.csproj", "{6F1F8791-132E-4F44-86F8-15A8DA2D642A}"
EndProject
Global
	GlobalSection(SolutionConfigurationPlatforms) = preSolution
		Debug|Any CPU = Debug|Any CPU
		Release|Any CPU = Release|Any CPU
	EndGlobalSection
	GlobalSection(ProjectConfigurationPlatforms) = postSolution
		{6F1F8791-132E-4F44-86F8-15A8DA2D642A}.Debug|Any CPU.ActiveCfg = Debug|Any CPU
		{6F1F8791-132E-4F44-86F8-15A8DA2D642A}.Debug|Any CPU.Build.0 = Debug|Any CPU
		{6F1F8791-132E-4F44-86F8-15A8DA2D642A}.Release|Any CPU.ActiveCfg = Release|Any CPU
		{6F1F8791-132E-4F44-86F8-15A8DA2D642A}.Release|Any CPU.Build.0 = Release|Any CPU
	EndGlobalSection
	GlobalSection(SolutionProperties) = preSolution
		HideSolutionNode = FALSE
	EndGlobalSection
	GlobalSection(ExtensibilityGlobals) = postSolution
		SolutionGuid = {03C1E9BE-1BFE-47B8-AC0C-DD92E10DABE9}
	EndGlobalSection
EndGlobal
